
Microsoft Visual Studio Solution File, Format Version 12.00
# Visual Studio Version 17
VisualStudioVersion = 17.8.34330.188
MinimumVisualStudioVersion = 10.0.40219.1
Project("{2150E333-8FDC-42A3-9474-1A3956D46DE8}") = "12-18", "12-18", "{3A44D141-E8BC-44CF-902B-0289EDF268BC}"
EndProject
Project("{8BC9CEB8-8B4A-11D0-8D11-00A0C91BC942}") = "StringToNumber", "src\StringToNumber\StringToNumber.vcxproj", "{AE1F45E0-AFD5-47F1-8471-E53E100E7141}"
EndProject
Project("{8BC9CEB8-8B4A-11D0-8D11-00A0C91BC942}") = "NumberToString", "src\NumberToString\NumberToString.vcxproj", "{D59DB9D9-BC87-4EE5-8905-B02C0F4E0252}"
EndProject
Project("{2150E333-8FDC-42A3-9474-1A3956D46DE8}") = "12-19", "12-19", "{6FD88C3A-DA93-47F0-BF39-E870532A2C2A}"
EndProject
Project("{8BC9CEB8-8B4A-11D0-8D11-00A0C91BC942}") = "CharConvert", "src\CharConvert\CharConvert.vcxproj", "{047F5BC5-94B4-4D91-BDD5-108C90AAE1C1}"
EndProject
Project("{8BC9CEB8-8B4A-11D0-8D11-00A0C91BC942}") = "StringTrim", "src\StringTrim\StringTrim.vcxproj", "{ECCD4DA8-3632-4F4C-8105-4AA47CF7D2F3}"
EndProject
Project("{2150E333-8FDC-42A3-9474-1A3956D46DE8}") = "12-13", "12-13", "{8402B24A-E107-4D3B-B303-E32E219EB255}"
EndProject
Project("{8BC9CEB8-8B4A-11D0-8D11-00A0C91BC942}") = "XOR", "src\XOR\XOR.vcxproj", "{C07113E2-AADA-48FC-951D-E5A075FA8ACC}"
EndProject
Project("{2150E333-8FDC-42A3-9474-1A3956D46DE8}") = "12-14", "12-14", "{1687AAA2-21A0-404D-AE7A-83ED1B4C2153}"
EndProject
Project("{8BC9CEB8-8B4A-11D0-8D11-00A0C91BC942}") = "ParameterInter", "src\ParameterInter\ParameterInter.vcxproj", "{011CFFCF-3301-4CA3-8A5F-2C0D650316BE}"
EndProject
Project("{2150E333-8FDC-42A3-9474-1A3956D46DE8}") = "12-15", "12-15", "{F7A73758-F96D-4297-A0A8-978B95A4AAE9}"
EndProject
Project("{8BC9CEB8-8B4A-11D0-8D11-00A0C91BC942}") = "StringFunction", "src\StringFunction\StringFunction.vcxproj", "{C9EE3A01-A593-406C-8F68-A85BC9D9BFDC}"
EndProject
Project("{2150E333-8FDC-42A3-9474-1A3956D46DE8}") = "12-20", "12-20", "{FB1ABEC7-C7F7-473C-BEE3-41F35AEA99D8}"
EndProject
Project("{8BC9CEB8-8B4A-11D0-8D11-00A0C91BC942}") = "TextRpgStart", "src\TextRpgStart\TextRpgStart.vcxproj", "{89B5F529-829E-4204-AA73-C99801C15BBB}"
EndProject
Project("{2150E333-8FDC-42A3-9474-1A3956D46DE8}") = "12-21", "12-21", "{FF3C5D33-910B-4508-9A77-F241F522A9AE}"
EndProject
Project("{8BC9CEB8-8B4A-11D0-8D11-00A0C91BC942}") = "TextRpgClassVer", "src\TextRpgClassVer\TextRpgClassVer.vcxproj", "{3897A090-2539-45C0-A15D-9409EE64D78A}"
EndProject
Project("{2150E333-8FDC-42A3-9474-1A3956D46DE8}") = "12-22", "12-22", "{3FEB4D11-B437-4D96-B2DE-609298F2EDA9}"
EndProject
Project("{8BC9CEB8-8B4A-11D0-8D11-00A0C91BC942}") = "ConsoleGame", "src\ConsoleGame\ConsoleGame.vcxproj", "{4BD99390-9A87-4BC4-9CFA-413D0AF16387}"
EndProject
Project("{8BC9CEB8-8B4A-11D0-8D11-00A0C91BC942}") = "MyConsoleGame", "src\MyConsoleGame\MyConsoleGame.vcxproj", "{535AF216-2CE2-4805-AB2E-D221E7672067}"
EndProject
Project("{2150E333-8FDC-42A3-9474-1A3956D46DE8}") = "12-27", "12-27", "{7C96DE1C-617A-415D-B8F6-8E44C51EEBD5}"
EndProject
Project("{8BC9CEB8-8B4A-11D0-8D11-00A0C91BC942}") = "ConsoleGame(12-27)", "src\ConsoleGame(12-27)\ConsoleGame.vcxproj", "{7B1EA69D-D6D9-4F9D-9B06-BE032AFB62EA}"
EndProject
Project("{2150E333-8FDC-42A3-9474-1A3956D46DE8}") = "12-28", "12-28", "{C61B6A2C-2BA4-447B-BAF5-0D929811F8B9}"
EndProject
Project("{8BC9CEB8-8B4A-11D0-8D11-00A0C91BC942}") = "TextRpg(12-28)", "src\TextRpg(12-28)\TextRpg.vcxproj", "{BE03D7C9-02C0-4833-A6BF-67D3AE2C3F69}"
EndProject
Project("{8BC9CEB8-8B4A-11D0-8D11-00A0C91BC942}") = "ClassPractice", "src\ClassPractice\ConsoleApplication1.vcxproj", "{9FCA5123-220F-496C-A0ED-FD04C4FCD465}"
EndProject
Project("{2150E333-8FDC-42A3-9474-1A3956D46DE8}") = "12-29", "12-29", "{68987758-C895-4AA0-95D3-F881278D3044}"
EndProject
Project("{8BC9CEB8-8B4A-11D0-8D11-00A0C91BC942}") = "TextRpg(12-29)_1", "src\TextRpg(12-29)_1\TextRpg(12-29)_1.vcxproj", "{3B92A26A-DD46-44D4-8194-9046F7D3D227}"
EndProject
Project("{8BC9CEB8-8B4A-11D0-8D11-00A0C91BC942}") = "TextRpg(12-29)_2", "src\TextRpg(12-29)_2\TextRpg(12-29)_2.vcxproj", "{C87AF79C-989A-419B-AFFA-EE9AD42C95C0}"
EndProject
Project("{8BC9CEB8-8B4A-11D0-8D11-00A0C91BC942}") = "TextRpg(12-29)_3", "src\TextRpg(12-29)_3\TextRpg(12-29)_3.vcxproj", "{F28572DF-E654-4919-99B2-3D9E5F07C1E2}"
EndProject
Project("{2150E333-8FDC-42A3-9474-1A3956D46DE8}") = "01-02", "01-02", "{3D97DBF5-E42D-4A04-BB6A-158C7DFAAB75}"
EndProject
Project("{8BC9CEB8-8B4A-11D0-8D11-00A0C91BC942}") = "TextRpg(01-02)_1", "src\TextRpg(01-02)_1\TextRpg(01-02)_1.vcxproj", "{DBD02F95-9E4F-43D2-8795-A8BEC4D88DC5}"
EndProject
Global
	GlobalSection(SolutionConfigurationPlatforms) = preSolution
		Debug|x64 = Debug|x64
		Debug|x86 = Debug|x86
		Release|x64 = Release|x64
		Release|x86 = Release|x86
	EndGlobalSection
	GlobalSection(ProjectConfigurationPlatforms) = postSolution
		{AE1F45E0-AFD5-47F1-8471-E53E100E7141}.Debug|x64.ActiveCfg = Debug|x64
		{AE1F45E0-AFD5-47F1-8471-E53E100E7141}.Debug|x64.Build.0 = Debug|x64
		{AE1F45E0-AFD5-47F1-8471-E53E100E7141}.Debug|x86.ActiveCfg = Debug|Win32
		{AE1F45E0-AFD5-47F1-8471-E53E100E7141}.Debug|x86.Build.0 = Debug|Win32
		{AE1F45E0-AFD5-47F1-8471-E53E100E7141}.Release|x64.ActiveCfg = Release|x64
		{AE1F45E0-AFD5-47F1-8471-E53E100E7141}.Release|x64.Build.0 = Release|x64
		{AE1F45E0-AFD5-47F1-8471-E53E100E7141}.Release|x86.ActiveCfg = Release|Win32
		{AE1F45E0-AFD5-47F1-8471-E53E100E7141}.Release|x86.Build.0 = Release|Win32
		{D59DB9D9-BC87-4EE5-8905-B02C0F4E0252}.Debug|x64.ActiveCfg = Debug|x64
		{D59DB9D9-BC87-4EE5-8905-B02C0F4E0252}.Debug|x64.Build.0 = Debug|x64
		{D59DB9D9-BC87-4EE5-8905-B02C0F4E0252}.Debug|x86.ActiveCfg = Debug|Win32
		{D59DB9D9-BC87-4EE5-8905-B02C0F4E0252}.Debug|x86.Build.0 = Debug|Win32
		{D59DB9D9-BC87-4EE5-8905-B02C0F4E0252}.Release|x64.ActiveCfg = Release|x64
		{D59DB9D9-BC87-4EE5-8905-B02C0F4E0252}.Release|x64.Build.0 = Release|x64
		{D59DB9D9-BC87-4EE5-8905-B02C0F4E0252}.Release|x86.ActiveCfg = Release|Win32
		{D59DB9D9-BC87-4EE5-8905-B02C0F4E0252}.Release|x86.Build.0 = Release|Win32
		{047F5BC5-94B4-4D91-BDD5-108C90AAE1C1}.Debug|x64.ActiveCfg = Debug|x64
		{047F5BC5-94B4-4D91-BDD5-108C90AAE1C1}.Debug|x64.Build.0 = Debug|x64
		{047F5BC5-94B4-4D91-BDD5-108C90AAE1C1}.Debug|x86.ActiveCfg = Debug|Win32
		{047F5BC5-94B4-4D91-BDD5-108C90AAE1C1}.Debug|x86.Build.0 = Debug|Win32
		{047F5BC5-94B4-4D91-BDD5-108C90AAE1C1}.Release|x64.ActiveCfg = Release|x64
		{047F5BC5-94B4-4D91-BDD5-108C90AAE1C1}.Release|x64.Build.0 = Release|x64
		{047F5BC5-94B4-4D91-BDD5-108C90AAE1C1}.Release|x86.ActiveCfg = Release|Win32
		{047F5BC5-94B4-4D91-BDD5-108C90AAE1C1}.Release|x86.Build.0 = Release|Win32
		{ECCD4DA8-3632-4F4C-8105-4AA47CF7D2F3}.Debug|x64.ActiveCfg = Debug|x64
		{ECCD4DA8-3632-4F4C-8105-4AA47CF7D2F3}.Debug|x64.Build.0 = Debug|x64
		{ECCD4DA8-3632-4F4C-8105-4AA47CF7D2F3}.Debug|x86.ActiveCfg = Debug|Win32
		{ECCD4DA8-3632-4F4C-8105-4AA47CF7D2F3}.Debug|x86.Build.0 = Debug|Win32
		{ECCD4DA8-3632-4F4C-8105-4AA47CF7D2F3}.Release|x64.ActiveCfg = Release|x64
		{ECCD4DA8-3632-4F4C-8105-4AA47CF7D2F3}.Release|x64.Build.0 = Release|x64
		{ECCD4DA8-3632-4F4C-8105-4AA47CF7D2F3}.Release|x86.ActiveCfg = Release|Win32
		{ECCD4DA8-3632-4F4C-8105-4AA47CF7D2F3}.Release|x86.Build.0 = Release|Win32
		{C07113E2-AADA-48FC-951D-E5A075FA8ACC}.Debug|x64.ActiveCfg = Debug|x64
		{C07113E2-AADA-48FC-951D-E5A075FA8ACC}.Debug|x64.Build.0 = Debug|x64
		{C07113E2-AADA-48FC-951D-E5A075FA8ACC}.Debug|x86.ActiveCfg = Debug|Win32
		{C07113E2-AADA-48FC-951D-E5A075FA8ACC}.Debug|x86.Build.0 = Debug|Win32
		{C07113E2-AADA-48FC-951D-E5A075FA8ACC}.Release|x64.ActiveCfg = Release|x64
		{C07113E2-AADA-48FC-951D-E5A075FA8ACC}.Release|x64.Build.0 = Release|x64
		{C07113E2-AADA-48FC-951D-E5A075FA8ACC}.Release|x86.ActiveCfg = Release|Win32
		{C07113E2-AADA-48FC-951D-E5A075FA8ACC}.Release|x86.Build.0 = Release|Win32
		{011CFFCF-3301-4CA3-8A5F-2C0D650316BE}.Debug|x64.ActiveCfg = Debug|x64
		{011CFFCF-3301-4CA3-8A5F-2C0D650316BE}.Debug|x64.Build.0 = Debug|x64
		{011CFFCF-3301-4CA3-8A5F-2C0D650316BE}.Debug|x86.ActiveCfg = Debug|Win32
		{011CFFCF-3301-4CA3-8A5F-2C0D650316BE}.Debug|x86.Build.0 = Debug|Win32
		{011CFFCF-3301-4CA3-8A5F-2C0D650316BE}.Release|x64.ActiveCfg = Release|x64
		{011CFFCF-3301-4CA3-8A5F-2C0D650316BE}.Release|x64.Build.0 = Release|x64
		{011CFFCF-3301-4CA3-8A5F-2C0D650316BE}.Release|x86.ActiveCfg = Release|Win32
		{011CFFCF-3301-4CA3-8A5F-2C0D650316BE}.Release|x86.Build.0 = Release|Win32
		{C9EE3A01-A593-406C-8F68-A85BC9D9BFDC}.Debug|x64.ActiveCfg = Debug|x64
		{C9EE3A01-A593-406C-8F68-A85BC9D9BFDC}.Debug|x64.Build.0 = Debug|x64
		{C9EE3A01-A593-406C-8F68-A85BC9D9BFDC}.Debug|x86.ActiveCfg = Debug|Win32
		{C9EE3A01-A593-406C-8F68-A85BC9D9BFDC}.Debug|x86.Build.0 = Debug|Win32
		{C9EE3A01-A593-406C-8F68-A85BC9D9BFDC}.Release|x64.ActiveCfg = Release|x64
		{C9EE3A01-A593-406C-8F68-A85BC9D9BFDC}.Release|x64.Build.0 = Release|x64
		{C9EE3A01-A593-406C-8F68-A85BC9D9BFDC}.Release|x86.ActiveCfg = Release|Win32
		{C9EE3A01-A593-406C-8F68-A85BC9D9BFDC}.Release|x86.Build.0 = Release|Win32
		{89B5F529-829E-4204-AA73-C99801C15BBB}.Debug|x64.ActiveCfg = Debug|x64
		{89B5F529-829E-4204-AA73-C99801C15BBB}.Debug|x64.Build.0 = Debug|x64
		{89B5F529-829E-4204-AA73-C99801C15BBB}.Debug|x86.ActiveCfg = Debug|Win32
		{89B5F529-829E-4204-AA73-C99801C15BBB}.Debug|x86.Build.0 = Debug|Win32
		{89B5F529-829E-4204-AA73-C99801C15BBB}.Release|x64.ActiveCfg = Release|x64
		{89B5F529-829E-4204-AA73-C99801C15BBB}.Release|x64.Build.0 = Release|x64
		{89B5F529-829E-4204-AA73-C99801C15BBB}.Release|x86.ActiveCfg = Release|Win32
		{89B5F529-829E-4204-AA73-C99801C15BBB}.Release|x86.Build.0 = Release|Win32
		{3897A090-2539-45C0-A15D-9409EE64D78A}.Debug|x64.ActiveCfg = Debug|x64
		{3897A090-2539-45C0-A15D-9409EE64D78A}.Debug|x64.Build.0 = Debug|x64
		{3897A090-2539-45C0-A15D-9409EE64D78A}.Debug|x86.ActiveCfg = Debug|Win32
		{3897A090-2539-45C0-A15D-9409EE64D78A}.Debug|x86.Build.0 = Debug|Win32
		{3897A090-2539-45C0-A15D-9409EE64D78A}.Release|x64.ActiveCfg = Release|x64
		{3897A090-2539-45C0-A15D-9409EE64D78A}.Release|x64.Build.0 = Release|x64
		{3897A090-2539-45C0-A15D-9409EE64D78A}.Release|x86.ActiveCfg = Release|Win32
		{3897A090-2539-45C0-A15D-9409EE64D78A}.Release|x86.Build.0 = Release|Win32
		{4BD99390-9A87-4BC4-9CFA-413D0AF16387}.Debug|x64.ActiveCfg = Debug|x64
		{4BD99390-9A87-4BC4-9CFA-413D0AF16387}.Debug|x64.Build.0 = Debug|x64
		{4BD99390-9A87-4BC4-9CFA-413D0AF16387}.Debug|x86.ActiveCfg = Debug|Win32
		{4BD99390-9A87-4BC4-9CFA-413D0AF16387}.Debug|x86.Build.0 = Debug|Win32
		{4BD99390-9A87-4BC4-9CFA-413D0AF16387}.Release|x64.ActiveCfg = Release|x64
		{4BD99390-9A87-4BC4-9CFA-413D0AF16387}.Release|x64.Build.0 = Release|x64
		{4BD99390-9A87-4BC4-9CFA-413D0AF16387}.Release|x86.ActiveCfg = Release|Win32
		{4BD99390-9A87-4BC4-9CFA-413D0AF16387}.Release|x86.Build.0 = Release|Win32
		{535AF216-2CE2-4805-AB2E-D221E7672067}.Debug|x64.ActiveCfg = Debug|x64
		{535AF216-2CE2-4805-AB2E-D221E7672067}.Debug|x64.Build.0 = Debug|x64
		{535AF216-2CE2-4805-AB2E-D221E7672067}.Debug|x86.ActiveCfg = Debug|Win32
		{535AF216-2CE2-4805-AB2E-D221E7672067}.Debug|x86.Build.0 = Debug|Win32
		{535AF216-2CE2-4805-AB2E-D221E7672067}.Release|x64.ActiveCfg = Release|x64
		{535AF216-2CE2-4805-AB2E-D221E7672067}.Release|x64.Build.0 = Release|x64
		{535AF216-2CE2-4805-AB2E-D221E7672067}.Release|x86.ActiveCfg = Release|Win32
		{535AF216-2CE2-4805-AB2E-D221E7672067}.Release|x86.Build.0 = Release|Win32
		{7B1EA69D-D6D9-4F9D-9B06-BE032AFB62EA}.Debug|x64.ActiveCfg = Debug|x64
		{7B1EA69D-D6D9-4F9D-9B06-BE032AFB62EA}.Debug|x64.Build.0 = Debug|x64
		{7B1EA69D-D6D9-4F9D-9B06-BE032AFB62EA}.Debug|x86.ActiveCfg = Debug|Win32
		{7B1EA69D-D6D9-4F9D-9B06-BE032AFB62EA}.Debug|x86.Build.0 = Debug|Win32
		{7B1EA69D-D6D9-4F9D-9B06-BE032AFB62EA}.Release|x64.ActiveCfg = Release|x64
		{7B1EA69D-D6D9-4F9D-9B06-BE032AFB62EA}.Release|x64.Build.0 = Release|x64
		{7B1EA69D-D6D9-4F9D-9B06-BE032AFB62EA}.Release|x86.ActiveCfg = Release|Win32
		{7B1EA69D-D6D9-4F9D-9B06-BE032AFB62EA}.Release|x86.Build.0 = Release|Win32
		{BE03D7C9-02C0-4833-A6BF-67D3AE2C3F69}.Debug|x64.ActiveCfg = Debug|x64
		{BE03D7C9-02C0-4833-A6BF-67D3AE2C3F69}.Debug|x64.Build.0 = Debug|x64
		{BE03D7C9-02C0-4833-A6BF-67D3AE2C3F69}.Debug|x86.ActiveCfg = Debug|Win32
		{BE03D7C9-02C0-4833-A6BF-67D3AE2C3F69}.Debug|x86.Build.0 = Debug|Win32
		{BE03D7C9-02C0-4833-A6BF-67D3AE2C3F69}.Release|x64.ActiveCfg = Release|x64
		{BE03D7C9-02C0-4833-A6BF-67D3AE2C3F69}.Release|x64.Build.0 = Release|x64
		{BE03D7C9-02C0-4833-A6BF-67D3AE2C3F69}.Release|x86.ActiveCfg = Release|Win32
		{BE03D7C9-02C0-4833-A6BF-67D3AE2C3F69}.Release|x86.Build.0 = Release|Win32
		{9FCA5123-220F-496C-A0ED-FD04C4FCD465}.Debug|x64.ActiveCfg = Debug|x64
		{9FCA5123-220F-496C-A0ED-FD04C4FCD465}.Debug|x64.Build.0 = Debug|x64
		{9FCA5123-220F-496C-A0ED-FD04C4FCD465}.Debug|x86.ActiveCfg = Debug|Win32
		{9FCA5123-220F-496C-A0ED-FD04C4FCD465}.Debug|x86.Build.0 = Debug|Win32
		{9FCA5123-220F-496C-A0ED-FD04C4FCD465}.Release|x64.ActiveCfg = Release|x64
		{9FCA5123-220F-496C-A0ED-FD04C4FCD465}.Release|x64.Build.0 = Release|x64
		{9FCA5123-220F-496C-A0ED-FD04C4FCD465}.Release|x86.ActiveCfg = Release|Win32
		{9FCA5123-220F-496C-A0ED-FD04C4FCD465}.Release|x86.Build.0 = Release|Win32
		{3B92A26A-DD46-44D4-8194-9046F7D3D227}.Debug|x64.ActiveCfg = Debug|x64
		{3B92A26A-DD46-44D4-8194-9046F7D3D227}.Debug|x64.Build.0 = Debug|x64
		{3B92A26A-DD46-44D4-8194-9046F7D3D227}.Debug|x86.ActiveCfg = Debug|Win32
		{3B92A26A-DD46-44D4-8194-9046F7D3D227}.Debug|x86.Build.0 = Debug|Win32
		{3B92A26A-DD46-44D4-8194-9046F7D3D227}.Release|x64.ActiveCfg = Release|x64
		{3B92A26A-DD46-44D4-8194-9046F7D3D227}.Release|x64.Build.0 = Release|x64
		{3B92A26A-DD46-44D4-8194-9046F7D3D227}.Release|x86.ActiveCfg = Release|Win32
		{3B92A26A-DD46-44D4-8194-9046F7D3D227}.Release|x86.Build.0 = Release|Win32
		{C87AF79C-989A-419B-AFFA-EE9AD42C95C0}.Debug|x64.ActiveCfg = Debug|x64
		{C87AF79C-989A-419B-AFFA-EE9AD42C95C0}.Debug|x64.Build.0 = Debug|x64
		{C87AF79C-989A-419B-AFFA-EE9AD42C95C0}.Debug|x86.ActiveCfg = Debug|Win32
		{C87AF79C-989A-419B-AFFA-EE9AD42C95C0}.Debug|x86.Build.0 = Debug|Win32
		{C87AF79C-989A-419B-AFFA-EE9AD42C95C0}.Release|x64.ActiveCfg = Release|x64
		{C87AF79C-989A-419B-AFFA-EE9AD42C95C0}.Release|x64.Build.0 = Release|x64
		{C87AF79C-989A-419B-AFFA-EE9AD42C95C0}.Release|x86.ActiveCfg = Release|Win32
		{C87AF79C-989A-419B-AFFA-EE9AD42C95C0}.Release|x86.Build.0 = Release|Win32
		{F28572DF-E654-4919-99B2-3D9E5F07C1E2}.Debug|x64.ActiveCfg = Debug|x64
		{F28572DF-E654-4919-99B2-3D9E5F07C1E2}.Debug|x64.Build.0 = Debug|x64
		{F28572DF-E654-4919-99B2-3D9E5F07C1E2}.Debug|x86.ActiveCfg = Debug|Win32
		{F28572DF-E654-4919-99B2-3D9E5F07C1E2}.Debug|x86.Build.0 = Debug|Win32
		{F28572DF-E654-4919-99B2-3D9E5F07C1E2}.Release|x64.ActiveCfg = Release|x64
		{F28572DF-E654-4919-99B2-3D9E5F07C1E2}.Release|x64.Build.0 = Release|x64
		{F28572DF-E654-4919-99B2-3D9E5F07C1E2}.Release|x86.ActiveCfg = Release|Win32
		{F28572DF-E654-4919-99B2-3D9E5F07C1E2}.Release|x86.Build.0 = Release|Win32
		{DBD02F95-9E4F-43D2-8795-A8BEC4D88DC5}.Debug|x64.ActiveCfg = Debug|x64
		{DBD02F95-9E4F-43D2-8795-A8BEC4D88DC5}.Debug|x64.Build.0 = Debug|x64
		{DBD02F95-9E4F-43D2-8795-A8BEC4D88DC5}.Debug|x86.ActiveCfg = Debug|Win32
		{DBD02F95-9E4F-43D2-8795-A8BEC4D88DC5}.Debug|x86.Build.0 = Debug|Win32
		{DBD02F95-9E4F-43D2-8795-A8BEC4D88DC5}.Release|x64.ActiveCfg = Release|x64
		{DBD02F95-9E4F-43D2-8795-A8BEC4D88DC5}.Release|x64.Build.0 = Release|x64
		{DBD02F95-9E4F-43D2-8795-A8BEC4D88DC5}.Release|x86.ActiveCfg = Release|Win32
		{DBD02F95-9E4F-43D2-8795-A8BEC4D88DC5}.Release|x86.Build.0 = Release|Win32
	EndGlobalSection
	GlobalSection(SolutionProperties) = preSolution
		HideSolutionNode = FALSE
	EndGlobalSection
	GlobalSection(NestedProjects) = preSolution
		{AE1F45E0-AFD5-47F1-8471-E53E100E7141} = {3A44D141-E8BC-44CF-902B-0289EDF268BC}
		{D59DB9D9-BC87-4EE5-8905-B02C0F4E0252} = {3A44D141-E8BC-44CF-902B-0289EDF268BC}
		{047F5BC5-94B4-4D91-BDD5-108C90AAE1C1} = {6FD88C3A-DA93-47F0-BF39-E870532A2C2A}
		{ECCD4DA8-3632-4F4C-8105-4AA47CF7D2F3} = {6FD88C3A-DA93-47F0-BF39-E870532A2C2A}
		{C07113E2-AADA-48FC-951D-E5A075FA8ACC} = {8402B24A-E107-4D3B-B303-E32E219EB255}
		{011CFFCF-3301-4CA3-8A5F-2C0D650316BE} = {1687AAA2-21A0-404D-AE7A-83ED1B4C2153}
		{C9EE3A01-A593-406C-8F68-A85BC9D9BFDC} = {F7A73758-F96D-4297-A0A8-978B95A4AAE9}
		{89B5F529-829E-4204-AA73-C99801C15BBB} = {FB1ABEC7-C7F7-473C-BEE3-41F35AEA99D8}
		{3897A090-2539-45C0-A15D-9409EE64D78A} = {FF3C5D33-910B-4508-9A77-F241F522A9AE}
		{4BD99390-9A87-4BC4-9CFA-413D0AF16387} = {3FEB4D11-B437-4D96-B2DE-609298F2EDA9}
		{535AF216-2CE2-4805-AB2E-D221E7672067} = {3FEB4D11-B437-4D96-B2DE-609298F2EDA9}
		{7B1EA69D-D6D9-4F9D-9B06-BE032AFB62EA} = {7C96DE1C-617A-415D-B8F6-8E44C51EEBD5}
		{BE03D7C9-02C0-4833-A6BF-67D3AE2C3F69} = {C61B6A2C-2BA4-447B-BAF5-0D929811F8B9}
		{9FCA5123-220F-496C-A0ED-FD04C4FCD465} = {C61B6A2C-2BA4-447B-BAF5-0D929811F8B9}
		{3B92A26A-DD46-44D4-8194-9046F7D3D227} = {68987758-C895-4AA0-95D3-F881278D3044}
		{C87AF79C-989A-419B-AFFA-EE9AD42C95C0} = {68987758-C895-4AA0-95D3-F881278D3044}
		{F28572DF-E654-4919-99B2-3D9E5F07C1E2} = {68987758-C895-4AA0-95D3-F881278D3044}
		{DBD02F95-9E4F-43D2-8795-A8BEC4D88DC5} = {3D97DBF5-E42D-4A04-BB6A-158C7DFAAB75}
	EndGlobalSection
	GlobalSection(ExtensibilityGlobals) = postSolution
		SolutionGuid = {CFF86441-775D-467E-8F36-00A2BAEF8A99}
	EndGlobalSection
EndGlobal
